{
  "version": 4,
  "terraform_version": "1.14.5",
  "serial": 445,
  "lineage": "5f2d0c83-f915-e7b3-2cd7-430c6d5d1542",
  "outputs": {
    "vm_name": {
      "value": "ubuntu-vm",
      "type": "string"
    }
  },
  "resources": [
    {
      "mode": "managed",
      "type": "libvirt_network",
      "name": "virt_network",
      "provider": "provider[\"registry.terraform.io/dmacvicar/libvirt\"]",
      "instances": [
        {
          "schema_version": 0,
          "attributes": {
            "autostart": true,
            "bandwidth": null,
            "bridge": null,
            "dns": null,
            "domain": null,
            "forward": {
              "addresses": null,
              "dev": null,
              "driver": null,
              "interfaces": null,
              "managed": null,
              "mode": "nat",
              "nat": null,
              "pfs": null
            },
            "id": "80992683-aba4-442b-8b08-83e036bdeefa",
            "ips": [
              {
                "address": "10.0.0.1",
                "dhcp": {
                  "bootp": null,
                  "hosts": null,
                  "ranges": [
                    {
                      "end": "10.0.0.30",
                      "lease": null,
                      "start": "10.0.0.20"
                    }
                  ]
                },
                "family": null,
                "local_ptr": null,
                "netmask": null,
                "prefix": 24,
                "tftp": null
              }
            ],
            "ipv6": null,
            "mac": null,
            "metadata": null,
            "mtu": null,
            "name": "virt-network",
            "port_groups": null,
            "port_options": null,
            "routes": null,
            "trust_guest_rx_filters": null,
            "uuid": "80992683-aba4-442b-8b08-83e036bdeefa",
            "virtual_port": null,
            "vlan": null
          },
          "sensitive_attributes": [],
          "identity_schema_version": 0
        }
      ]
    },
    {
      "mode": "managed",
      "type": "libvirt_volume",
      "name": "base_image",
      "provider": "provider[\"registry.terraform.io/dmacvicar/libvirt\"]",
      "instances": [
        {
          "schema_version": 0,
          "attributes": {
            "allocation": 4335734784,
            "allocation_unit": null,
            "backing_store": null,
            "capacity": 26843545600,
            "capacity_unit": null,
            "create": {
              "content": {
                "url": "/home/mangaliso/Codebase/PE_Bootcamp/infra/packer/output_ubuntu_24.04.4-server/ubuntu_24.04.4-server.qcow2"
              }
            },
            "id": "/var/lib/libvirt/images/ubuntu_24.04.4-server.qcow2",
            "key": "/var/lib/libvirt/images/ubuntu_24.04.4-server.qcow2",
            "name": "ubuntu_24.04.4-server.qcow2",
            "path": "/var/lib/libvirt/images/ubuntu_24.04.4-server.qcow2",
            "physical": 4335730688,
            "physical_unit": null,
            "pool": "default",
            "target": {
              "cluster_size": null,
              "cluster_size_unit": null,
              "compat": null,
              "encryption": null,
              "features": null,
              "format": {
                "type": "qcow2"
              },
              "path": "/var/lib/libvirt/images/ubuntu_24.04.4-server.qcow2",
              "permissions": null,
              "timestamps": null
            },
            "type": null
          },
          "sensitive_attributes": [],
          "identity_schema_version": 0
        }
      ]
    },
    {
      "mode": "managed",
      "type": "libvirt_volume",
      "name": "vm_disk",
      "provider": "provider[\"registry.terraform.io/dmacvicar/libvirt\"]",
      "instances": [
        {
          "schema_version": 0,
          "attributes": {
            "allocation": 200704,
            "allocation_unit": null,
            "backing_store": {
              "format": {
                "type": "qcow2"
              },
              "path": "/var/lib/libvirt/images/ubuntu_24.04.4-server.qcow2",
              "permissions": null
            },
            "capacity": 26843545600,
            "capacity_unit": null,
            "create": null,
            "id": "/var/lib/libvirt/images/ubuntu-vm.qcow2",
            "key": "/var/lib/libvirt/images/ubuntu-vm.qcow2",
            "name": "ubuntu-vm.qcow2",
            "path": "/var/lib/libvirt/images/ubuntu-vm.qcow2",
            "physical": 197008,
            "physical_unit": null,
            "pool": "default",
            "target": {
              "cluster_size": null,
              "cluster_size_unit": null,
              "compat": null,
              "encryption": null,
              "features": null,
              "format": {
                "type": "qcow2"
              },
              "path": "/var/lib/libvirt/images/ubuntu-vm.qcow2",
              "permissions": null,
              "timestamps": null
            },
            "type": null
          },
          "sensitive_attributes": [],
          "identity_schema_version": 0,
          "dependencies": [
            "libvirt_volume.base_image"
          ]
        }
      ]
    }
  ],
  "check_results": null
}
